{
  "version": 4,
  "terraform_version": "1.9.5",
  "serial": 5,
  "lineage": "a67cf93d-3d23-242c-3c70-9c8f5ad71b5f",
  "outputs": {},
  "resources": [
    {
      "mode": "managed",
      "type": "rabbitmq_binding",
      "name": "notification_email",
      "provider": "provider[\"registry.terraform.io/cyrilgdn/rabbitmq\"]",
      "instances": [
        {
          "schema_version": 0,
          "attributes": {
            "arguments": null,
            "arguments_json": null,
            "destination": "notification_type_email",
            "destination_type": "queue",
            "id": "%2F/notifications/notification_type_email/queue/notification.type.email",
            "properties_key": "notification.type.email",
            "routing_key": "notification.type.email",
            "source": "notifications",
            "vhost": "/"
          },
          "sensitive_attributes": [],
          "private": "bnVsbA==",
          "dependencies": [
            "rabbitmq_exchange.notifications",
            "rabbitmq_queue.notification_type_email"
          ]
        }
      ]
    },
    {
      "mode": "managed",
      "type": "rabbitmq_exchange",
      "name": "notifications",
      "provider": "provider[\"registry.terraform.io/cyrilgdn/rabbitmq\"]",
      "instances": [
        {
          "schema_version": 0,
          "attributes": {
            "id": "notifications@/",
            "name": "notifications",
            "settings": [
              {
                "arguments": null,
                "auto_delete": true,
                "durable": true,
                "type": "direct"
              }
            ],
            "vhost": "/"
          },
          "sensitive_attributes": [],
          "private": "bnVsbA=="
        }
      ]
    },
    {
      "mode": "managed",
      "type": "rabbitmq_queue",
      "name": "notification_type_email",
      "provider": "provider[\"registry.terraform.io/cyrilgdn/rabbitmq\"]",
      "instances": [
        {
          "schema_version": 0,
          "attributes": {
            "id": "notification_type_email@/",
            "name": "notification_type_email",
            "settings": [
              {
                "arguments": null,
                "arguments_json": "",
                "auto_delete": false,
                "durable": true
              }
            ],
            "vhost": "/"
          },
          "sensitive_attributes": [],
          "private": "bnVsbA=="
        }
      ]
    }
  ],
  "check_results": null
}
